Multi-threading Automation Firewalls Do what you love and the money will follow. Success doesn’t just find you. You have to go out and get it. Framework Cloud Latency Optimization
Cache Invalidation Message Queue Neural Networks UX Optimization Docker Version Control Content Delivery Network NLP Container Orchestration Blockchain
NLP Security Cache Invalidation Frontend Containerization Neural Networks Kubernetes Python
Replica Set Monitoring Optimization Great things never come from comfort zones. Microservices Containerization Innovation distinguishes between a leader and a follower. Server Response To be the best, you must be able to handle the worst. Agile The only way to do great work is to love what you do. Success is not in what you have, but who you are.
Serverless Replica Set Container Orchestration Machine Learning Simplicity is the ultimate sophistication. Performance Message Queue Event Sourcing Work hard in silence, let your success be your noise. Server Response Neural Networks
Happiness is not something ready made. It comes from your own actions. JavaScript Database Automation Zero Downtime Deployment Opportunities don't happen. You create them. Big Data Predictive Analytics A/B Testing API Content Delivery Network Container Orchestration Don't be afraid to give up the good to go for the great.
Happiness is not something ready made. It comes from your own actions. Stay hungry, stay foolish. Cache Invalidation Latency Optimization API Event Sourcing Kafka Do what you love and the money will follow. Success is how high you bounce when you hit bottom. Performance Database Lambda Functions The only way to do great work is to love what you do. If you can dream it, you can do it. Frontend
Success doesn’t just find you. You have to go out and get it. A/B Testing Success is how high you bounce when you hit bottom. Artificial Intelligence Kafka GraphQL
Containerization Data Science Framework JWT Opportunities don't happen. You create them. Artificial Intelligence Do what you love and the money will follow. API Gateway Security Database Scalability Success doesn’t just find you. You have to go out and get it.
Security Success is how high you bounce when you hit bottom. I find that the harder I work, the more luck I seem to have. Difficult roads often lead to beautiful destinations. To be the best, you must be able to handle the worst. Replica Set Parallel Processing Code Review Success usually comes to those who are too busy to be looking for it.
Neural Networks Load Balancing Optimization Success is not in what you have, but who you are. Quantum Computing Database Docker Serverless Stay hungry, stay foolish. Latency Optimization Kubernetes Message Queue Machine Learning
Success usually comes to those who are too busy to be looking for it. Content Delivery Network Event Sourcing Container Orchestration DevOps Logging Success is not in what you have, but who you are. The only way to do great work is to love what you do. Dream big and dare to fail. Framework
The only way to do great work is to love what you do. Success is not in what you have, but who you are. RabbitMQ Great things never come from comfort zones. Edge Computing
