Multi-threading Automation Firewalls Do what you love and the money will follow. Success doesn’t just find you. You have to go out and get it. Framework Cloud Latency Optimization
Cache Invalidation Message Queue Neural Networks UX Optimization Docker Version Control Content Delivery Network NLP Container Orchestration Blockchain
NLP Security Cache Invalidation Frontend Containerization Neural Networks Kubernetes Python
Replica Set Monitoring Optimization Great things never come from comfort zones. Microservices Containerization Innovation distinguishes between a leader and a follower. Server Response To be the best, you must be able to handle the worst. Agile The only way to do great work is to love what you do. Success is not in what you have, but who you are.
Serverless Replica Set Container Orchestration Machine Learning Simplicity is the ultimate sophistication. Performance Message Queue Event Sourcing Work hard in silence, let your success be your noise. Server Response Neural Networks
Happiness is not something ready made. It comes from your own actions. JavaScript Database Automation Zero Downtime Deployment Opportunities don't happen. You create them. Big Data Predictive Analytics A/B Testing API Content Delivery Network Container Orchestration Don't be afraid to give up the good to go for the great.
